
Microsoft Visual Studio Solution File, Format Version 12.00
# Visual Studio Version 17
VisualStudioVersion = 17.0.31903.59
MinimumVisualStudioVersion = 10.0.40219.1
Project("{FAE04EC0-301F-11D3-BF4B-00C04F79EFBC}") = "VMwareWorkstationCnTool.Core", "VMwareWorkstationCnTool.Core\VMwareWorkstationCnTool.Core.csproj", "{7FE61118-B597-4909-9505-1A1A3BAAC33E}"
EndProject
Project("{FAE04EC0-301F-11D3-BF4B-00C04F79EFBC}") = "VMwareWorkstationCnTool.Tests", "VMwareWorkstationCnTool.Tests\VMwareWorkstationCnTool.Tests.csproj", "{E3045592-7FE9-4458-A4A6-48B42F87A704}"
EndProject
Project("{FAE04EC0-301F-11D3-BF4B-00C04F79EFBC}") = "VMwareWorkstationCnTool", "VMwareWorkstationCnTool\VMwareWorkstationCnTool.csproj", "{6A02FD63-B2B8-49F6-8E18-7D4ABC10E524}"
EndProject
Global
	GlobalSection(SolutionConfigurationPlatforms) = preSolution
		Debug|Any CPU = Debug|Any CPU
		Debug|x64 = Debug|x64
		Debug|x86 = Debug|x86
		Release|Any CPU = Release|Any CPU
		Release|x64 = Release|x64
		Release|x86 = Release|x86
	EndGlobalSection
	GlobalSection(ProjectConfigurationPlatforms) = postSolution
		{7FE61118-B597-4909-9505-1A1A3BAAC33E}.Debug|Any CPU.ActiveCfg = Debug|Any CPU
		{7FE61118-B597-4909-9505-1A1A3BAAC33E}.Debug|Any CPU.Build.0 = Debug|Any CPU
		{7FE61118-B597-4909-9505-1A1A3BAAC33E}.Debug|x64.ActiveCfg = Debug|Any CPU
		{7FE61118-B597-4909-9505-1A1A3BAAC33E}.Debug|x64.Build.0 = Debug|Any CPU
		{7FE61118-B597-4909-9505-1A1A3BAAC33E}.Debug|x86.ActiveCfg = Debug|Any CPU
		{7FE61118-B597-4909-9505-1A1A3BAAC33E}.Debug|x86.Build.0 = Debug|Any CPU
		{7FE61118-B597-4909-9505-1A1A3BAAC33E}.Release|Any CPU.ActiveCfg = Release|Any CPU
		{7FE61118-B597-4909-9505-1A1A3BAAC33E}.Release|Any CPU.Build.0 = Release|Any CPU
		{7FE61118-B597-4909-9505-1A1A3BAAC33E}.Release|x64.ActiveCfg = Release|Any CPU
		{7FE61118-B597-4909-9505-1A1A3BAAC33E}.Release|x64.Build.0 = Release|Any CPU
		{7FE61118-B597-4909-9505-1A1A3BAAC33E}.Release|x86.ActiveCfg = Release|Any CPU
		{7FE61118-B597-4909-9505-1A1A3BAAC33E}.Release|x86.Build.0 = Release|Any CPU
		{E3045592-7FE9-4458-A4A6-48B42F87A704}.Debug|Any CPU.ActiveCfg = Debug|Any CPU
		{E3045592-7FE9-4458-A4A6-48B42F87A704}.Debug|Any CPU.Build.0 = Debug|Any CPU
		{E3045592-7FE9-4458-A4A6-48B42F87A704}.Debug|x64.ActiveCfg = Debug|Any CPU
		{E3045592-7FE9-4458-A4A6-48B42F87A704}.Debug|x64.Build.0 = Debug|Any CPU
		{E3045592-7FE9-4458-A4A6-48B42F87A704}.Debug|x86.ActiveCfg = Debug|Any CPU
		{E3045592-7FE9-4458-A4A6-48B42F87A704}.Debug|x86.Build.0 = Debug|Any CPU
		{E3045592-7FE9-4458-A4A6-48B42F87A704}.Release|Any CPU.ActiveCfg = Release|Any CPU
		{E3045592-7FE9-4458-A4A6-48B42F87A704}.Release|Any CPU.Build.0 = Release|Any CPU
		{E3045592-7FE9-4458-A4A6-48B42F87A704}.Release|x64.ActiveCfg = Release|Any CPU
		{E3045592-7FE9-4458-A4A6-48B42F87A704}.Release|x64.Build.0 = Release|Any CPU
		{E3045592-7FE9-4458-A4A6-48B42F87A704}.Release|x86.ActiveCfg = Release|Any CPU
		{E3045592-7FE9-4458-A4A6-48B42F87A704}.Release|x86.Build.0 = Release|Any CPU
		{6A02FD63-B2B8-49F6-8E18-7D4ABC10E524}.Debug|Any CPU.ActiveCfg = Debug|Any CPU
		{6A02FD63-B2B8-49F6-8E18-7D4ABC10E524}.Debug|Any CPU.Build.0 = Debug|Any CPU
		{6A02FD63-B2B8-49F6-8E18-7D4ABC10E524}.Debug|x64.ActiveCfg = Debug|Any CPU
		{6A02FD63-B2B8-49F6-8E18-7D4ABC10E524}.Debug|x64.Build.0 = Debug|Any CPU
		{6A02FD63-B2B8-49F6-8E18-7D4ABC10E524}.Debug|x86.ActiveCfg = Debug|Any CPU
		{6A02FD63-B2B8-49F6-8E18-7D4ABC10E524}.Debug|x86.Build.0 = Debug|Any CPU
		{6A02FD63-B2B8-49F6-8E18-7D4ABC10E524}.Release|Any CPU.ActiveCfg = Release|Any CPU
		{6A02FD63-B2B8-49F6-8E18-7D4ABC10E524}.Release|Any CPU.Build.0 = Release|Any CPU
		{6A02FD63-B2B8-49F6-8E18-7D4ABC10E524}.Release|x64.ActiveCfg = Release|Any CPU
		{6A02FD63-B2B8-49F6-8E18-7D4ABC10E524}.Release|x64.Build.0 = Release|Any CPU
		{6A02FD63-B2B8-49F6-8E18-7D4ABC10E524}.Release|x86.ActiveCfg = Release|Any CPU
		{6A02FD63-B2B8-49F6-8E18-7D4ABC10E524}.Release|x86.Build.0 = Release|Any CPU
	EndGlobalSection
	GlobalSection(SolutionProperties) = preSolution
		HideSolutionNode = FALSE
	EndGlobalSection
EndGlobal
